{
	"name": "@hugoalh/more-array",
	"version": "1.1.1",
	"lockfileVersion": 1,
	"requires": true,
	"dependencies": {
		"@hugoalh/advanced-determine": {
			"version": "3.4.0",
			"resolved": "https://registry.npmjs.org/@hugoalh/advanced-determine/-/advanced-determine-3.4.0.tgz",
			"integrity": "sha512-nhesvJ56JzQV9T+KQZFLYSL+1Pvqz1dQWeENMMUxnlcbiP7lSxbZ29tAvjhQLiYDoKWMsj1ISgcOUjXURtU8Ig=="
		}
	}
}
