{
	"name": "@hugoalh/more-array",
	"version": "1.1.1",
	"lockfileVersion": 1,
	"requires": true,
	"dependencies": {
		"@hugoalh/advanced-determine": {
			"version": "3.3.1",
			"resolved": "https://registry.npmjs.org/@hugoalh/advanced-determine/-/advanced-determine-3.3.1.tgz",
			"integrity": "sha512-JZDf6bT/U7iV//SS7Vq3I5JdK3XKilhhsqwIOJI0fLYq6J0JNMCRDsgLyobm11HSPOJ1sOKIzEV8NXPz0H9H/g=="
		}
	}
}
