{
	"name": "@hugoalh/more-array",
	"version": "1.0.0",
	"lockfileVersion": 1,
	"requires": true,
	"dependencies": {
		"@hugoalh/advanced-determine": {
			"version": "1.1.0",
			"resolved": "https://registry.npmjs.org/@hugoalh/advanced-determine/-/advanced-determine-1.1.0.tgz",
			"integrity": "sha512-AjtDWTrrjc8BVgXumJj/3suqh30W2dTudk4Yt9MBFgPR5YPt+PDocNARdacUkqW2XxPJ0aZ2qdZJUcpYAtJtnw=="
		}
	}
}
